
Microsoft Visual Studio Solution File, Format Version 12.00
# Visual Studio Version 17
VisualStudioVersion = 17.1.32210.238
MinimumVisualStudioVersion = 10.0.40219.1
Project("{FAE04EC0-301F-11D3-BF4B-00C04F79EFBC}") = "UDP-Sender-csharp", "UDP-Sender-csharp.csproj", "{8D831ACD-7013-4143-8032-761A56DDA54B}"
EndProject
Global
	GlobalSection(SolutionConfigurationPlatforms) = preSolution
		Debug|Any CPU = Debug|Any CPU
		Release|Any CPU = Release|Any CPU
	EndGlobalSection
	GlobalSection(ProjectConfigurationPlatforms) = postSolution
		{8D831ACD-7013-4143-8032-761A56DDA54B}.Debug|Any CPU.ActiveCfg = Debug|Any CPU
		{8D831ACD-7013-4143-8032-761A56DDA54B}.Debug|Any CPU.Build.0 = Debug|Any CPU
		{8D831ACD-7013-4143-8032-761A56DDA54B}.Release|Any CPU.ActiveCfg = Release|Any CPU
		{8D831ACD-7013-4143-8032-761A56DDA54B}.Release|Any CPU.Build.0 = Release|Any CPU
	EndGlobalSection
	GlobalSection(SolutionProperties) = preSolution
		HideSolutionNode = FALSE
	EndGlobalSection
	GlobalSection(ExtensibilityGlobals) = postSolution
		SolutionGuid = {384D4945-3DB3-4367-B4DD-39F17FB8DCF1}
	EndGlobalSection
EndGlobal
